Microsoft Visual Studio Solution File, Format Version 12.00
# Visual Studio Version 17
VisualStudioVersion = 17.5.2.0
MinimumVisualStudioVersion = 10.0.40219.1
Project("{FAE04EC0-301F-11D3-BF4B-00C04F79EFBC}") = "ChatRoom", "ChatRoom.csproj", "{72194F6D-6201-907D-51EB-9924357A4FFB}"
EndProject
Global
	GlobalSection(SolutionConfigurationPlatforms) = preSolution
		Debug|Any CPU = Debug|Any CPU
		Release|Any CPU = Release|Any CPU
	EndGlobalSection
	GlobalSection(ProjectConfigurationPlatforms) = postSolution
		{72194F6D-6201-907D-51EB-9924357A4FFB}.Debug|Any CPU.ActiveCfg = Debug|Any CPU
		{72194F6D-6201-907D-51EB-9924357A4FFB}.Debug|Any CPU.Build.0 = Debug|Any CPU
		{72194F6D-6201-907D-51EB-9924357A4FFB}.Release|Any CPU.ActiveCfg = Release|Any CPU
		{72194F6D-6201-907D-51EB-9924357A4FFB}.Release|Any CPU.Build.0 = Release|Any CPU
	EndGlobalSection
	GlobalSection(SolutionProperties) = preSolution
		HideSolutionNode = FALSE
	EndGlobalSection
	GlobalSection(ExtensibilityGlobals) = postSolution
		SolutionGuid = {DE632C2C-50A9-49FA-B82E-3BDDA89CDC60}
	EndGlobalSection
EndGlobal
